
Microsoft Visual Studio Solution File, Format Version 12.00
# Visual Studio Version 17
VisualStudioVersion = 17.7.34031.279
MinimumVisualStudioVersion = 10.0.40219.1
Project("{FAE04EC0-301F-11D3-BF4B-00C04F79EFBC}") = "Portfolio3_2", "Portfolio3_2.csproj", "{F489A8E5-D150-4CB7-9B45-B63774328DEE}"
EndProject
Global
	GlobalSection(SolutionConfigurationPlatforms) = preSolution
		Debug|Any CPU = Debug|Any CPU
		Release|Any CPU = Release|Any CPU
	EndGlobalSection
	GlobalSection(ProjectConfigurationPlatforms) = postSolution
		{F489A8E5-D150-4CB7-9B45-B63774328DEE}.Debug|Any CPU.ActiveCfg = Debug|Any CPU
		{F489A8E5-D150-4CB7-9B45-B63774328DEE}.Debug|Any CPU.Build.0 = Debug|Any CPU
		{F489A8E5-D150-4CB7-9B45-B63774328DEE}.Release|Any CPU.ActiveCfg = Release|Any CPU
		{F489A8E5-D150-4CB7-9B45-B63774328DEE}.Release|Any CPU.Build.0 = Release|Any CPU
	EndGlobalSection
	GlobalSection(SolutionProperties) = preSolution
		HideSolutionNode = FALSE
	EndGlobalSection
	GlobalSection(ExtensibilityGlobals) = postSolution
		SolutionGuid = {04D53783-354B-4954-9A4D-EFB77459D5F2}
	EndGlobalSection
EndGlobal
